PODS:
  - Alamofire (4.8.1)
  - Differentiator (3.1.0)
  - Moya (12.0.1):
    - Moya/Core (= 12.0.1)
  - Moya-ObjectMapper/Core (2.8):
    - Moya (~> 12.0)
    - ObjectMapper (~> 3.4)
  - Moya-ObjectMapper/RxSwift (2.8):
    - Moya-ObjectMapper/Core
    - Moya/RxSwift
    - RxSwift (~> 4)
  - Moya/Core (12.0.1):
    - Alamofire (~> 4.1)
    - Result (~> 4.0)
  - Moya/RxSwift (12.0.1):
    - Moya/Core
    - RxSwift (~> 4.0)
  - ObjectMapper (3.4.2)
  - Realm (3.13.1):
    - Realm/Headers (= 3.13.1)
  - Realm/Headers (3.13.1)
  - RealmSwift (3.13.1):
    - Realm (= 3.13.1)
  - Result (4.1.0)
  - RxAtomic (4.4.1)
  - RxCocoa (4.4.1):
    - RxSwift (~> 4.0)
  - RxDataSources (3.1.0):
    - Differentiator (~> 3.0)
    - RxCocoa (~> 4.0)
    - RxSwift (~> 4.0)
  - RxSwift (4.4.1):
    - RxAtomic (~> 4.4)
  - SVPullToRefresh (0.4.1)
  - SwiftyJSON (4.2.0)

DEPENDENCIES:
  - Alamofire
  - Moya-ObjectMapper/RxSwift
  - Moya/RxSwift
  - RealmSwift
  - RxCocoa
  - RxDataSources (~> 3.0)
  - RxSwift
  - SVPullToRefresh
  - SwiftyJSON

SPEC REPOS:
  https://github.com/cocoapods/specs.git:
    - Alamofire
    - Differentiator
    - Moya
    - Moya-ObjectMapper
    - ObjectMapper
    - Realm
    - RealmSwift
    - Result
    - RxAtomic
    - RxCocoa
    - RxDataSources
    - RxSwift
    - SVPullToRefresh
    - SwiftyJSON

SPEC CHECKSUMS:
  Alamofire: 16ce2c353fb72865124ddae8a57c5942388f4f11
  Differentiator: be49ca3408f0ecfc761e4c7763d20c62be01b9ad
  Moya: cf730b3cd9e005401ef37a85143aa141a12fd38f
  Moya-ObjectMapper: c514b5eafcfd5e260f85f7a5bf66895a217e2b37
  ObjectMapper: 0d4402610f4e468903ae64629eec4784531e5c51
  Realm: 50071da38fe079e0735e47c9f2eae738c68c5996
  RealmSwift: 8a1e6a02b7a08cd17a31e3115143fb69fe5f3fb9
  Result: bd966fac789cc6c1563440b348ab2598cc24d5c7
  RxAtomic: f8d6adc1ccb87a767811269e4875887bc74dbf19
  RxCocoa: 2f35a76bf8887872e28a1914112395b11b8e0e64
  RxDataSources: a843bad90c29817f5923ec8163f4af2de084ceb3
  RxSwift: 92fcf68dfef21f3e2ab1965363d9e7b3d787597e
  SVPullToRefresh: ba2e718695a43253d8bea6852d2960097dc15d8c
  SwiftyJSON: c4bcba26dd9ec7a027fc8eade48e2c911f229e96

PODFILE CHECKSUM: fd441b352018755aac162f7014b3824417e16d85

COCOAPODS: 1.6.1
